
Microsoft Visual Studio Solution File, Format Version 12.00
# Visual Studio Version 16
VisualStudioVersion = 16.0.31129.286
MinimumVisualStudioVersion = 10.0.40219.1
Project("{8BC9CEB8-8B4A-11D0-8D11-00A0C91BC942}") = "000_sample", "数据结构.vcxproj", "{057B75C2-8BA0-410D-9EEE-96824898F24B}"
EndProject
Project("{8BC9CEB8-8B4A-11D0-8D11-00A0C91BC942}") = "001_顺序表增删改查", "..\001_顺序表增删改查\001_顺序表增删改查.vcxproj", "{3E727F40-E036-4DD7-8631-021EF6B546A5}"
EndProject
Project("{8BC9CEB8-8B4A-11D0-8D11-00A0C91BC942}") = "002_线性表的链式表示", "..\002_线性表的链式表示\002_线性表的链式表示.vcxproj", "{A699AD97-0161-46C0-93F8-D86F8B30F2A2}"
EndProject
Project("{8BC9CEB8-8B4A-11D0-8D11-00A0C91BC942}") = "中级day3作业", "..\中级day3作业\中级day3作业.vcxproj", "{2491AEB4-E37B-4EFD-80D0-E9E58EC36A66}"
EndProject
Project("{8BC9CEB8-8B4A-11D0-8D11-00A0C91BC942}") = "中级-day2作业", "..\中级-day2作业\中级-day2作业.vcxproj", "{57656BF7-7318-4229-BB34-D5FEA87FEC29}"
EndProject
Project("{8BC9CEB8-8B4A-11D0-8D11-00A0C91BC942}") = "中级-day1", "..\中级-day1\中级-day1.vcxproj", "{D649701B-E620-45E8-A005-01CD7E5CE1C5}"
EndProject
Project("{8BC9CEB8-8B4A-11D0-8D11-00A0C91BC942}") = "中级-day5作业", "..\中级-day5作业\中级-day5作业.vcxproj", "{DBB236E6-4C39-428D-A83E-9B70600C8668}"
EndProject
Project("{8BC9CEB8-8B4A-11D0-8D11-00A0C91BC942}") = "003_双向链表-示例", "..\003_双向链表\003_双向链表.vcxproj", "{A5F402C1-0CB1-4C94-8B70-47928F8C93DF}"
EndProject
Project("{8BC9CEB8-8B4A-11D0-8D11-00A0C91BC942}") = "中级-day4作业", "..\中级-day4作业\中级-day4作业.vcxproj", "{B4B56BB0-8A2F-4B24-B82E-6D5362AAFF69}"
EndProject
Project("{8BC9CEB8-8B4A-11D0-8D11-00A0C91BC942}") = "011_栈", "..\011_栈\011_栈.vcxproj", "{8B24F2BC-6127-4544-A22F-D2FDCC5410BC}"
EndProject
Project("{8BC9CEB8-8B4A-11D0-8D11-00A0C91BC942}") = "012_循环队列", "..\012_循环队列\012_循环队列.vcxproj", "{21325E73-3785-4FA5-8C3A-81BD415B79D4}"
EndProject
Project("{8BC9CEB8-8B4A-11D0-8D11-00A0C91BC942}") = "中级-day6作业", "..\中级-day6作业\中级-day6作业.vcxproj", "{C05A0E64-1FCA-4A23-9D05-2042F8AAF5F6}"
EndProject
Project("{8BC9CEB8-8B4A-11D0-8D11-00A0C91BC942}") = "021_二叉树-示例", "..\021_二叉树\021_二叉树.vcxproj", "{D7FC31C9-BA14-4DE4-A0C2-230BE52A4717}"
EndProject
Project("{8BC9CEB8-8B4A-11D0-8D11-00A0C91BC942}") = "021_二叉树-自己写", "..\021_二叉树-自己写\021_二叉树-自己写.vcxproj", "{05F27C20-4D81-46F4-8ED2-2AC8EDFF2E82}"
EndProject
Project("{8BC9CEB8-8B4A-11D0-8D11-00A0C91BC942}") = "zz_tryEOF", "..\zz_tryEOF\zz_tryEOF.vcxproj", "{FD9C33E8-9121-4182-BF01-710D7B353DB1}"
EndProject
Project("{8BC9CEB8-8B4A-11D0-8D11-00A0C91BC942}") = "中级-day7作业", "..\中级-day7作业\中级-day7作业.vcxproj", "{8E4873CF-B913-4286-B55D-0C2BEB792909}"
EndProject
Project("{8BC9CEB8-8B4A-11D0-8D11-00A0C91BC942}") = "中级-day8作业", "..\中级-day8作业\中级-day8作业.vcxproj", "{76BAEC04-A7F2-406E-92BA-1B39C88F1AAC}"
EndProject
Project("{8BC9CEB8-8B4A-11D0-8D11-00A0C91BC942}") = "022_二叉树排序树", "..\022_二叉树排序树\022_二叉树排序树.vcxproj", "{78CFEB97-60A8-4C24-9CCC-73CD06C992E1}"
EndProject
Project("{8BC9CEB8-8B4A-11D0-8D11-00A0C91BC942}") = "031_顺序查找与折半查找", "..\031_顺序查找与折半查找\031_顺序查找与折半查找.vcxproj", "{7FDE4F26-9F1D-47AE-B0F0-C88F10BF1064}"
EndProject
Project("{8BC9CEB8-8B4A-11D0-8D11-00A0C91BC942}") = "中级-day9作业", "..\中级-day9作业\中级-day9作业.vcxproj", "{12697B97-40DF-4D41-ADC9-6E967D70F7B9}"
EndProject
Project("{8BC9CEB8-8B4A-11D0-8D11-00A0C91BC942}") = "music", "..\music\music.vcxproj", "{6F908CFA-1FF5-4096-BEF0-930C1779AE67}"
EndProject
Project("{8BC9CEB8-8B4A-11D0-8D11-00A0C91BC942}") = "041_插入排序", "..\041_插入排序\041_插入排序.vcxproj", "{E47019F4-D160-4B73-A641-034E3063EE78}"
EndProject
Project("{8BC9CEB8-8B4A-11D0-8D11-00A0C91BC942}") = "042_交换排序", "..\042_交换排序\042_交换排序.vcxproj", "{32DFDE50-89BE-4F1B-A47D-865A19BF57EC}"
EndProject
Project("{8BC9CEB8-8B4A-11D0-8D11-00A0C91BC942}") = "043_选择排序", "..\043_选择排序\043_选择排序.vcxproj", "{986C5BB1-751D-41EE-8330-2A9FBE0594B7}"
EndProject
Project("{8BC9CEB8-8B4A-11D0-8D11-00A0C91BC942}") = "课时16作业", "..\课时16作业\课时16作业.vcxproj", "{0B3737A3-6C40-454B-8BF3-D3C55C7F02E4}"
EndProject
Project("{8BC9CEB8-8B4A-11D0-8D11-00A0C91BC942}") = "课时17作业1", "..\课时17作业1\课时17作业1.vcxproj", "{1AF34911-D121-4C22-939A-2D464944AA79}"
EndProject
Project("{8BC9CEB8-8B4A-11D0-8D11-00A0C91BC942}") = "044_归并排序", "..\044_归并排序\044_归并排序.vcxproj", "{56C0A838-3F40-4179-9AF2-C44BE9C2BF8B}"
EndProject
Project("{8BC9CEB8-8B4A-11D0-8D11-00A0C91BC942}") = "课时17作业2", "..\课时17作业2\课时17作业2.vcxproj", "{68D1FF1A-E888-4ED4-B19E-9CBB37D5DA4B}"
EndProject
Project("{8BC9CEB8-8B4A-11D0-8D11-00A0C91BC942}") = "051_图的遍历", "..\051_图的遍历\051_图的遍历.vcxproj", "{33F51A0A-D217-445D-9902-F45A146BC366}"
EndProject
Global
	GlobalSection(SolutionConfigurationPlatforms) = preSolution
		Debug|x64 = Debug|x64
		Debug|x86 = Debug|x86
		Release|x64 = Release|x64
		Release|x86 = Release|x86
	EndGlobalSection
	GlobalSection(ProjectConfigurationPlatforms) = postSolution
		{057B75C2-8BA0-410D-9EEE-96824898F24B}.Debug|x64.ActiveCfg = Debug|x64
		{057B75C2-8BA0-410D-9EEE-96824898F24B}.Debug|x64.Build.0 = Debug|x64
		{057B75C2-8BA0-410D-9EEE-96824898F24B}.Debug|x86.ActiveCfg = Debug|Win32
		{057B75C2-8BA0-410D-9EEE-96824898F24B}.Debug|x86.Build.0 = Debug|Win32
		{057B75C2-8BA0-410D-9EEE-96824898F24B}.Release|x64.ActiveCfg = Release|x64
		{057B75C2-8BA0-410D-9EEE-96824898F24B}.Release|x64.Build.0 = Release|x64
		{057B75C2-8BA0-410D-9EEE-96824898F24B}.Release|x86.ActiveCfg = Release|Win32
		{057B75C2-8BA0-410D-9EEE-96824898F24B}.Release|x86.Build.0 = Release|Win32
		{3E727F40-E036-4DD7-8631-021EF6B546A5}.Debug|x64.ActiveCfg = Debug|x64
		{3E727F40-E036-4DD7-8631-021EF6B546A5}.Debug|x64.Build.0 = Debug|x64
		{3E727F40-E036-4DD7-8631-021EF6B546A5}.Debug|x86.ActiveCfg = Debug|Win32
		{3E727F40-E036-4DD7-8631-021EF6B546A5}.Debug|x86.Build.0 = Debug|Win32
		{3E727F40-E036-4DD7-8631-021EF6B546A5}.Release|x64.ActiveCfg = Release|x64
		{3E727F40-E036-4DD7-8631-021EF6B546A5}.Release|x64.Build.0 = Release|x64
		{3E727F40-E036-4DD7-8631-021EF6B546A5}.Release|x86.ActiveCfg = Release|Win32
		{3E727F40-E036-4DD7-8631-021EF6B546A5}.Release|x86.Build.0 = Release|Win32
		{A699AD97-0161-46C0-93F8-D86F8B30F2A2}.Debug|x64.ActiveCfg = Debug|x64
		{A699AD97-0161-46C0-93F8-D86F8B30F2A2}.Debug|x64.Build.0 = Debug|x64
		{A699AD97-0161-46C0-93F8-D86F8B30F2A2}.Debug|x86.ActiveCfg = Debug|Win32
		{A699AD97-0161-46C0-93F8-D86F8B30F2A2}.Debug|x86.Build.0 = Debug|Win32
		{A699AD97-0161-46C0-93F8-D86F8B30F2A2}.Release|x64.ActiveCfg = Release|x64
		{A699AD97-0161-46C0-93F8-D86F8B30F2A2}.Release|x64.Build.0 = Release|x64
		{A699AD97-0161-46C0-93F8-D86F8B30F2A2}.Release|x86.ActiveCfg = Release|Win32
		{A699AD97-0161-46C0-93F8-D86F8B30F2A2}.Release|x86.Build.0 = Release|Win32
		{2491AEB4-E37B-4EFD-80D0-E9E58EC36A66}.Debug|x64.ActiveCfg = Debug|x64
		{2491AEB4-E37B-4EFD-80D0-E9E58EC36A66}.Debug|x64.Build.0 = Debug|x64
		{2491AEB4-E37B-4EFD-80D0-E9E58EC36A66}.Debug|x86.ActiveCfg = Debug|Win32
		{2491AEB4-E37B-4EFD-80D0-E9E58EC36A66}.Debug|x86.Build.0 = Debug|Win32
		{2491AEB4-E37B-4EFD-80D0-E9E58EC36A66}.Release|x64.ActiveCfg = Release|x64
		{2491AEB4-E37B-4EFD-80D0-E9E58EC36A66}.Release|x64.Build.0 = Release|x64
		{2491AEB4-E37B-4EFD-80D0-E9E58EC36A66}.Release|x86.ActiveCfg = Release|Win32
		{2491AEB4-E37B-4EFD-80D0-E9E58EC36A66}.Release|x86.Build.0 = Release|Win32
		{57656BF7-7318-4229-BB34-D5FEA87FEC29}.Debug|x64.ActiveCfg = Debug|x64
		{57656BF7-7318-4229-BB34-D5FEA87FEC29}.Debug|x64.Build.0 = Debug|x64
		{57656BF7-7318-4229-BB34-D5FEA87FEC29}.Debug|x86.ActiveCfg = Debug|Win32
		{57656BF7-7318-4229-BB34-D5FEA87FEC29}.Debug|x86.Build.0 = Debug|Win32
		{57656BF7-7318-4229-BB34-D5FEA87FEC29}.Release|x64.ActiveCfg = Release|x64
		{57656BF7-7318-4229-BB34-D5FEA87FEC29}.Release|x64.Build.0 = Release|x64
		{57656BF7-7318-4229-BB34-D5FEA87FEC29}.Release|x86.ActiveCfg = Release|Win32
		{57656BF7-7318-4229-BB34-D5FEA87FEC29}.Release|x86.Build.0 = Release|Win32
		{D649701B-E620-45E8-A005-01CD7E5CE1C5}.Debug|x64.ActiveCfg = Debug|x64
		{D649701B-E620-45E8-A005-01CD7E5CE1C5}.Debug|x64.Build.0 = Debug|x64
		{D649701B-E620-45E8-A005-01CD7E5CE1C5}.Debug|x86.ActiveCfg = Debug|Win32
		{D649701B-E620-45E8-A005-01CD7E5CE1C5}.Debug|x86.Build.0 = Debug|Win32
		{D649701B-E620-45E8-A005-01CD7E5CE1C5}.Release|x64.ActiveCfg = Release|x64
		{D649701B-E620-45E8-A005-01CD7E5CE1C5}.Release|x64.Build.0 = Release|x64
		{D649701B-E620-45E8-A005-01CD7E5CE1C5}.Release|x86.ActiveCfg = Release|Win32
		{D649701B-E620-45E8-A005-01CD7E5CE1C5}.Release|x86.Build.0 = Release|Win32
		{DBB236E6-4C39-428D-A83E-9B70600C8668}.Debug|x64.ActiveCfg = Debug|x64
		{DBB236E6-4C39-428D-A83E-9B70600C8668}.Debug|x64.Build.0 = Debug|x64
		{DBB236E6-4C39-428D-A83E-9B70600C8668}.Debug|x86.ActiveCfg = Debug|Win32
		{DBB236E6-4C39-428D-A83E-9B70600C8668}.Debug|x86.Build.0 = Debug|Win32
		{DBB236E6-4C39-428D-A83E-9B70600C8668}.Release|x64.ActiveCfg = Release|x64
		{DBB236E6-4C39-428D-A83E-9B70600C8668}.Release|x64.Build.0 = Release|x64
		{DBB236E6-4C39-428D-A83E-9B70600C8668}.Release|x86.ActiveCfg = Release|Win32
		{DBB236E6-4C39-428D-A83E-9B70600C8668}.Release|x86.Build.0 = Release|Win32
		{A5F402C1-0CB1-4C94-8B70-47928F8C93DF}.Debug|x64.ActiveCfg = Debug|x64
		{A5F402C1-0CB1-4C94-8B70-47928F8C93DF}.Debug|x64.Build.0 = Debug|x64
		{A5F402C1-0CB1-4C94-8B70-47928F8C93DF}.Debug|x86.ActiveCfg = Debug|Win32
		{A5F402C1-0CB1-4C94-8B70-47928F8C93DF}.Debug|x86.Build.0 = Debug|Win32
		{A5F402C1-0CB1-4C94-8B70-47928F8C93DF}.Release|x64.ActiveCfg = Release|x64
		{A5F402C1-0CB1-4C94-8B70-47928F8C93DF}.Release|x64.Build.0 = Release|x64
		{A5F402C1-0CB1-4C94-8B70-47928F8C93DF}.Release|x86.ActiveCfg = Release|Win32
		{A5F402C1-0CB1-4C94-8B70-47928F8C93DF}.Release|x86.Build.0 = Release|Win32
		{B4B56BB0-8A2F-4B24-B82E-6D5362AAFF69}.Debug|x64.ActiveCfg = Debug|x64
		{B4B56BB0-8A2F-4B24-B82E-6D5362AAFF69}.Debug|x64.Build.0 = Debug|x64
		{B4B56BB0-8A2F-4B24-B82E-6D5362AAFF69}.Debug|x86.ActiveCfg = Debug|Win32
		{B4B56BB0-8A2F-4B24-B82E-6D5362AAFF69}.Debug|x86.Build.0 = Debug|Win32
		{B4B56BB0-8A2F-4B24-B82E-6D5362AAFF69}.Release|x64.ActiveCfg = Release|x64
		{B4B56BB0-8A2F-4B24-B82E-6D5362AAFF69}.Release|x64.Build.0 = Release|x64
		{B4B56BB0-8A2F-4B24-B82E-6D5362AAFF69}.Release|x86.ActiveCfg = Release|Win32
		{B4B56BB0-8A2F-4B24-B82E-6D5362AAFF69}.Release|x86.Build.0 = Release|Win32
		{8B24F2BC-6127-4544-A22F-D2FDCC5410BC}.Debug|x64.ActiveCfg = Debug|x64
		{8B24F2BC-6127-4544-A22F-D2FDCC5410BC}.Debug|x64.Build.0 = Debug|x64
		{8B24F2BC-6127-4544-A22F-D2FDCC5410BC}.Debug|x86.ActiveCfg = Debug|Win32
		{8B24F2BC-6127-4544-A22F-D2FDCC5410BC}.Debug|x86.Build.0 = Debug|Win32
		{8B24F2BC-6127-4544-A22F-D2FDCC5410BC}.Release|x64.ActiveCfg = Release|x64
		{8B24F2BC-6127-4544-A22F-D2FDCC5410BC}.Release|x64.Build.0 = Release|x64
		{8B24F2BC-6127-4544-A22F-D2FDCC5410BC}.Release|x86.ActiveCfg = Release|Win32
		{8B24F2BC-6127-4544-A22F-D2FDCC5410BC}.Release|x86.Build.0 = Release|Win32
		{21325E73-3785-4FA5-8C3A-81BD415B79D4}.Debug|x64.ActiveCfg = Debug|x64
		{21325E73-3785-4FA5-8C3A-81BD415B79D4}.Debug|x64.Build.0 = Debug|x64
		{21325E73-3785-4FA5-8C3A-81BD415B79D4}.Debug|x86.ActiveCfg = Debug|Win32
		{21325E73-3785-4FA5-8C3A-81BD415B79D4}.Debug|x86.Build.0 = Debug|Win32
		{21325E73-3785-4FA5-8C3A-81BD415B79D4}.Release|x64.ActiveCfg = Release|x64
		{21325E73-3785-4FA5-8C3A-81BD415B79D4}.Release|x64.Build.0 = Release|x64
		{21325E73-3785-4FA5-8C3A-81BD415B79D4}.Release|x86.ActiveCfg = Release|Win32
		{21325E73-3785-4FA5-8C3A-81BD415B79D4}.Release|x86.Build.0 = Release|Win32
		{C05A0E64-1FCA-4A23-9D05-2042F8AAF5F6}.Debug|x64.ActiveCfg = Debug|x64
		{C05A0E64-1FCA-4A23-9D05-2042F8AAF5F6}.Debug|x64.Build.0 = Debug|x64
		{C05A0E64-1FCA-4A23-9D05-2042F8AAF5F6}.Debug|x86.ActiveCfg = Debug|Win32
		{C05A0E64-1FCA-4A23-9D05-2042F8AAF5F6}.Debug|x86.Build.0 = Debug|Win32
		{C05A0E64-1FCA-4A23-9D05-2042F8AAF5F6}.Release|x64.ActiveCfg = Release|x64
		{C05A0E64-1FCA-4A23-9D05-2042F8AAF5F6}.Release|x64.Build.0 = Release|x64
		{C05A0E64-1FCA-4A23-9D05-2042F8AAF5F6}.Release|x86.ActiveCfg = Release|Win32
		{C05A0E64-1FCA-4A23-9D05-2042F8AAF5F6}.Release|x86.Build.0 = Release|Win32
		{D7FC31C9-BA14-4DE4-A0C2-230BE52A4717}.Debug|x64.ActiveCfg = Debug|x64
		{D7FC31C9-BA14-4DE4-A0C2-230BE52A4717}.Debug|x64.Build.0 = Debug|x64
		{D7FC31C9-BA14-4DE4-A0C2-230BE52A4717}.Debug|x86.ActiveCfg = Debug|Win32
		{D7FC31C9-BA14-4DE4-A0C2-230BE52A4717}.Debug|x86.Build.0 = Debug|Win32
		{D7FC31C9-BA14-4DE4-A0C2-230BE52A4717}.Release|x64.ActiveCfg = Release|x64
		{D7FC31C9-BA14-4DE4-A0C2-230BE52A4717}.Release|x64.Build.0 = Release|x64
		{D7FC31C9-BA14-4DE4-A0C2-230BE52A4717}.Release|x86.ActiveCfg = Release|Win32
		{D7FC31C9-BA14-4DE4-A0C2-230BE52A4717}.Release|x86.Build.0 = Release|Win32
		{05F27C20-4D81-46F4-8ED2-2AC8EDFF2E82}.Debug|x64.ActiveCfg = Debug|x64
		{05F27C20-4D81-46F4-8ED2-2AC8EDFF2E82}.Debug|x64.Build.0 = Debug|x64
		{05F27C20-4D81-46F4-8ED2-2AC8EDFF2E82}.Debug|x86.ActiveCfg = Debug|Win32
		{05F27C20-4D81-46F4-8ED2-2AC8EDFF2E82}.Debug|x86.Build.0 = Debug|Win32
		{05F27C20-4D81-46F4-8ED2-2AC8EDFF2E82}.Release|x64.ActiveCfg = Release|x64
		{05F27C20-4D81-46F4-8ED2-2AC8EDFF2E82}.Release|x64.Build.0 = Release|x64
		{05F27C20-4D81-46F4-8ED2-2AC8EDFF2E82}.Release|x86.ActiveCfg = Release|Win32
		{05F27C20-4D81-46F4-8ED2-2AC8EDFF2E82}.Release|x86.Build.0 = Release|Win32
		{FD9C33E8-9121-4182-BF01-710D7B353DB1}.Debug|x64.ActiveCfg = Debug|x64
		{FD9C33E8-9121-4182-BF01-710D7B353DB1}.Debug|x64.Build.0 = Debug|x64
		{FD9C33E8-9121-4182-BF01-710D7B353DB1}.Debug|x86.ActiveCfg = Debug|Win32
		{FD9C33E8-9121-4182-BF01-710D7B353DB1}.Debug|x86.Build.0 = Debug|Win32
		{FD9C33E8-9121-4182-BF01-710D7B353DB1}.Release|x64.ActiveCfg = Release|x64
		{FD9C33E8-9121-4182-BF01-710D7B353DB1}.Release|x64.Build.0 = Release|x64
		{FD9C33E8-9121-4182-BF01-710D7B353DB1}.Release|x86.ActiveCfg = Release|Win32
		{FD9C33E8-9121-4182-BF01-710D7B353DB1}.Release|x86.Build.0 = Release|Win32
		{8E4873CF-B913-4286-B55D-0C2BEB792909}.Debug|x64.ActiveCfg = Debug|x64
		{8E4873CF-B913-4286-B55D-0C2BEB792909}.Debug|x64.Build.0 = Debug|x64
		{8E4873CF-B913-4286-B55D-0C2BEB792909}.Debug|x86.ActiveCfg = Debug|Win32
		{8E4873CF-B913-4286-B55D-0C2BEB792909}.Debug|x86.Build.0 = Debug|Win32
		{8E4873CF-B913-4286-B55D-0C2BEB792909}.Release|x64.ActiveCfg = Release|x64
		{8E4873CF-B913-4286-B55D-0C2BEB792909}.Release|x64.Build.0 = Release|x64
		{8E4873CF-B913-4286-B55D-0C2BEB792909}.Release|x86.ActiveCfg = Release|Win32
		{8E4873CF-B913-4286-B55D-0C2BEB792909}.Release|x86.Build.0 = Release|Win32
		{76BAEC04-A7F2-406E-92BA-1B39C88F1AAC}.Debug|x64.ActiveCfg = Debug|x64
		{76BAEC04-A7F2-406E-92BA-1B39C88F1AAC}.Debug|x64.Build.0 = Debug|x64
		{76BAEC04-A7F2-406E-92BA-1B39C88F1AAC}.Debug|x86.ActiveCfg = Debug|Win32
		{76BAEC04-A7F2-406E-92BA-1B39C88F1AAC}.Debug|x86.Build.0 = Debug|Win32
		{76BAEC04-A7F2-406E-92BA-1B39C88F1AAC}.Release|x64.ActiveCfg = Release|x64
		{76BAEC04-A7F2-406E-92BA-1B39C88F1AAC}.Release|x64.Build.0 = Release|x64
		{76BAEC04-A7F2-406E-92BA-1B39C88F1AAC}.Release|x86.ActiveCfg = Release|Win32
		{76BAEC04-A7F2-406E-92BA-1B39C88F1AAC}.Release|x86.Build.0 = Release|Win32
		{78CFEB97-60A8-4C24-9CCC-73CD06C992E1}.Debug|x64.ActiveCfg = Debug|x64
		{78CFEB97-60A8-4C24-9CCC-73CD06C992E1}.Debug|x64.Build.0 = Debug|x64
		{78CFEB97-60A8-4C24-9CCC-73CD06C992E1}.Debug|x86.ActiveCfg = Debug|Win32
		{78CFEB97-60A8-4C24-9CCC-73CD06C992E1}.Debug|x86.Build.0 = Debug|Win32
		{78CFEB97-60A8-4C24-9CCC-73CD06C992E1}.Release|x64.ActiveCfg = Release|x64
		{78CFEB97-60A8-4C24-9CCC-73CD06C992E1}.Release|x64.Build.0 = Release|x64
		{78CFEB97-60A8-4C24-9CCC-73CD06C992E1}.Release|x86.ActiveCfg = Release|Win32
		{78CFEB97-60A8-4C24-9CCC-73CD06C992E1}.Release|x86.Build.0 = Release|Win32
		{7FDE4F26-9F1D-47AE-B0F0-C88F10BF1064}.Debug|x64.ActiveCfg = Debug|x64
		{7FDE4F26-9F1D-47AE-B0F0-C88F10BF1064}.Debug|x64.Build.0 = Debug|x64
		{7FDE4F26-9F1D-47AE-B0F0-C88F10BF1064}.Debug|x86.ActiveCfg = Debug|Win32
		{7FDE4F26-9F1D-47AE-B0F0-C88F10BF1064}.Debug|x86.Build.0 = Debug|Win32
		{7FDE4F26-9F1D-47AE-B0F0-C88F10BF1064}.Release|x64.ActiveCfg = Release|x64
		{7FDE4F26-9F1D-47AE-B0F0-C88F10BF1064}.Release|x64.Build.0 = Release|x64
		{7FDE4F26-9F1D-47AE-B0F0-C88F10BF1064}.Release|x86.ActiveCfg = Release|Win32
		{7FDE4F26-9F1D-47AE-B0F0-C88F10BF1064}.Release|x86.Build.0 = Release|Win32
		{12697B97-40DF-4D41-ADC9-6E967D70F7B9}.Debug|x64.ActiveCfg = Debug|x64
		{12697B97-40DF-4D41-ADC9-6E967D70F7B9}.Debug|x64.Build.0 = Debug|x64
		{12697B97-40DF-4D41-ADC9-6E967D70F7B9}.Debug|x86.ActiveCfg = Debug|Win32
		{12697B97-40DF-4D41-ADC9-6E967D70F7B9}.Debug|x86.Build.0 = Debug|Win32
		{12697B97-40DF-4D41-ADC9-6E967D70F7B9}.Release|x64.ActiveCfg = Release|x64
		{12697B97-40DF-4D41-ADC9-6E967D70F7B9}.Release|x64.Build.0 = Release|x64
		{12697B97-40DF-4D41-ADC9-6E967D70F7B9}.Release|x86.ActiveCfg = Release|Win32
		{12697B97-40DF-4D41-ADC9-6E967D70F7B9}.Release|x86.Build.0 = Release|Win32
		{6F908CFA-1FF5-4096-BEF0-930C1779AE67}.Debug|x64.ActiveCfg = Debug|x64
		{6F908CFA-1FF5-4096-BEF0-930C1779AE67}.Debug|x64.Build.0 = Debug|x64
		{6F908CFA-1FF5-4096-BEF0-930C1779AE67}.Debug|x86.ActiveCfg = Debug|Win32
		{6F908CFA-1FF5-4096-BEF0-930C1779AE67}.Debug|x86.Build.0 = Debug|Win32
		{6F908CFA-1FF5-4096-BEF0-930C1779AE67}.Release|x64.ActiveCfg = Release|x64
		{6F908CFA-1FF5-4096-BEF0-930C1779AE67}.Release|x64.Build.0 = Release|x64
		{6F908CFA-1FF5-4096-BEF0-930C1779AE67}.Release|x86.ActiveCfg = Release|Win32
		{6F908CFA-1FF5-4096-BEF0-930C1779AE67}.Release|x86.Build.0 = Release|Win32
		{E47019F4-D160-4B73-A641-034E3063EE78}.Debug|x64.ActiveCfg = Debug|x64
		{E47019F4-D160-4B73-A641-034E3063EE78}.Debug|x64.Build.0 = Debug|x64
		{E47019F4-D160-4B73-A641-034E3063EE78}.Debug|x86.ActiveCfg = Debug|Win32
		{E47019F4-D160-4B73-A641-034E3063EE78}.Debug|x86.Build.0 = Debug|Win32
		{E47019F4-D160-4B73-A641-034E3063EE78}.Release|x64.ActiveCfg = Release|x64
		{E47019F4-D160-4B73-A641-034E3063EE78}.Release|x64.Build.0 = Release|x64
		{E47019F4-D160-4B73-A641-034E3063EE78}.Release|x86.ActiveCfg = Release|Win32
		{E47019F4-D160-4B73-A641-034E3063EE78}.Release|x86.Build.0 = Release|Win32
		{32DFDE50-89BE-4F1B-A47D-865A19BF57EC}.Debug|x64.ActiveCfg = Debug|x64
		{32DFDE50-89BE-4F1B-A47D-865A19BF57EC}.Debug|x64.Build.0 = Debug|x64
		{32DFDE50-89BE-4F1B-A47D-865A19BF57EC}.Debug|x86.ActiveCfg = Debug|Win32
		{32DFDE50-89BE-4F1B-A47D-865A19BF57EC}.Debug|x86.Build.0 = Debug|Win32
		{32DFDE50-89BE-4F1B-A47D-865A19BF57EC}.Release|x64.ActiveCfg = Release|x64
		{32DFDE50-89BE-4F1B-A47D-865A19BF57EC}.Release|x64.Build.0 = Release|x64
		{32DFDE50-89BE-4F1B-A47D-865A19BF57EC}.Release|x86.ActiveCfg = Release|Win32
		{32DFDE50-89BE-4F1B-A47D-865A19BF57EC}.Release|x86.Build.0 = Release|Win32
		{986C5BB1-751D-41EE-8330-2A9FBE0594B7}.Debug|x64.ActiveCfg = Debug|x64
		{986C5BB1-751D-41EE-8330-2A9FBE0594B7}.Debug|x64.Build.0 = Debug|x64
		{986C5BB1-751D-41EE-8330-2A9FBE0594B7}.Debug|x86.ActiveCfg = Debug|Win32
		{986C5BB1-751D-41EE-8330-2A9FBE0594B7}.Debug|x86.Build.0 = Debug|Win32
		{986C5BB1-751D-41EE-8330-2A9FBE0594B7}.Release|x64.ActiveCfg = Release|x64
		{986C5BB1-751D-41EE-8330-2A9FBE0594B7}.Release|x64.Build.0 = Release|x64
		{986C5BB1-751D-41EE-8330-2A9FBE0594B7}.Release|x86.ActiveCfg = Release|Win32
		{986C5BB1-751D-41EE-8330-2A9FBE0594B7}.Release|x86.Build.0 = Release|Win32
		{0B3737A3-6C40-454B-8BF3-D3C55C7F02E4}.Debug|x64.ActiveCfg = Debug|x64
		{0B3737A3-6C40-454B-8BF3-D3C55C7F02E4}.Debug|x64.Build.0 = Debug|x64
		{0B3737A3-6C40-454B-8BF3-D3C55C7F02E4}.Debug|x86.ActiveCfg = Debug|Win32
		{0B3737A3-6C40-454B-8BF3-D3C55C7F02E4}.Debug|x86.Build.0 = Debug|Win32
		{0B3737A3-6C40-454B-8BF3-D3C55C7F02E4}.Release|x64.ActiveCfg = Release|x64
		{0B3737A3-6C40-454B-8BF3-D3C55C7F02E4}.Release|x64.Build.0 = Release|x64
		{0B3737A3-6C40-454B-8BF3-D3C55C7F02E4}.Release|x86.ActiveCfg = Release|Win32
		{0B3737A3-6C40-454B-8BF3-D3C55C7F02E4}.Release|x86.Build.0 = Release|Win32
		{1AF34911-D121-4C22-939A-2D464944AA79}.Debug|x64.ActiveCfg = Debug|x64
		{1AF34911-D121-4C22-939A-2D464944AA79}.Debug|x64.Build.0 = Debug|x64
		{1AF34911-D121-4C22-939A-2D464944AA79}.Debug|x86.ActiveCfg = Debug|Win32
		{1AF34911-D121-4C22-939A-2D464944AA79}.Debug|x86.Build.0 = Debug|Win32
		{1AF34911-D121-4C22-939A-2D464944AA79}.Release|x64.ActiveCfg = Release|x64
		{1AF34911-D121-4C22-939A-2D464944AA79}.Release|x64.Build.0 = Release|x64
		{1AF34911-D121-4C22-939A-2D464944AA79}.Release|x86.ActiveCfg = Release|Win32
		{1AF34911-D121-4C22-939A-2D464944AA79}.Release|x86.Build.0 = Release|Win32
		{56C0A838-3F40-4179-9AF2-C44BE9C2BF8B}.Debug|x64.ActiveCfg = Debug|x64
		{56C0A838-3F40-4179-9AF2-C44BE9C2BF8B}.Debug|x64.Build.0 = Debug|x64
		{56C0A838-3F40-4179-9AF2-C44BE9C2BF8B}.Debug|x86.ActiveCfg = Debug|Win32
		{56C0A838-3F40-4179-9AF2-C44BE9C2BF8B}.Debug|x86.Build.0 = Debug|Win32
		{56C0A838-3F40-4179-9AF2-C44BE9C2BF8B}.Release|x64.ActiveCfg = Release|x64
		{56C0A838-3F40-4179-9AF2-C44BE9C2BF8B}.Release|x64.Build.0 = Release|x64
		{56C0A838-3F40-4179-9AF2-C44BE9C2BF8B}.Release|x86.ActiveCfg = Release|Win32
		{56C0A838-3F40-4179-9AF2-C44BE9C2BF8B}.Release|x86.Build.0 = Release|Win32
		{68D1FF1A-E888-4ED4-B19E-9CBB37D5DA4B}.Debug|x64.ActiveCfg = Debug|x64
		{68D1FF1A-E888-4ED4-B19E-9CBB37D5DA4B}.Debug|x64.Build.0 = Debug|x64
		{68D1FF1A-E888-4ED4-B19E-9CBB37D5DA4B}.Debug|x86.ActiveCfg = Debug|Win32
		{68D1FF1A-E888-4ED4-B19E-9CBB37D5DA4B}.Debug|x86.Build.0 = Debug|Win32
		{68D1FF1A-E888-4ED4-B19E-9CBB37D5DA4B}.Release|x64.ActiveCfg = Release|x64
		{68D1FF1A-E888-4ED4-B19E-9CBB37D5DA4B}.Release|x64.Build.0 = Release|x64
		{68D1FF1A-E888-4ED4-B19E-9CBB37D5DA4B}.Release|x86.ActiveCfg = Release|Win32
		{68D1FF1A-E888-4ED4-B19E-9CBB37D5DA4B}.Release|x86.Build.0 = Release|Win32
		{33F51A0A-D217-445D-9902-F45A146BC366}.Debug|x64.ActiveCfg = Debug|x64
		{33F51A0A-D217-445D-9902-F45A146BC366}.Debug|x64.Build.0 = Debug|x64
		{33F51A0A-D217-445D-9902-F45A146BC366}.Debug|x86.ActiveCfg = Debug|Win32
		{33F51A0A-D217-445D-9902-F45A146BC366}.Debug|x86.Build.0 = Debug|Win32
		{33F51A0A-D217-445D-9902-F45A146BC366}.Release|x64.ActiveCfg = Release|x64
		{33F51A0A-D217-445D-9902-F45A146BC366}.Release|x64.Build.0 = Release|x64
		{33F51A0A-D217-445D-9902-F45A146BC366}.Release|x86.ActiveCfg = Release|Win32
		{33F51A0A-D217-445D-9902-F45A146BC366}.Release|x86.Build.0 = Release|Win32
	EndGlobalSection
	GlobalSection(SolutionProperties) = preSolution
		HideSolutionNode = FALSE
	EndGlobalSection
	GlobalSection(ExtensibilityGlobals) = postSolution
		SolutionGuid = {64E6E6C1-6711-46A9-85F9-6C035B99C2DA}
	EndGlobalSection
EndGlobal
